// !$*UTF8*$!
{
	archiveVersion = 1;
	classes = {
	};
	objectVersion = 56;
	objects = {

/* Begin PBXBuildFile section */
		3475A9BA2D19935F0053F2BF /* FirebaseAuth in Frameworks */ = {isa = PBXBuildFile; productRef = 3475A9B92D19935F0053F2BF /* FirebaseAuth */; };
		3475A9BC2D19BE670053F2BF /* GoogleService-Info.plist in Resources */ = {isa = PBXBuildFile; fileRef = 3475A9BB2D19BE670053F2BF /* GoogleService-Info.plist */; };
		3475A9BE2D19C20A0053F2BF /* RocksListView.swift in Sources */ = {isa = PBXBuildFile; fileRef = 3475A9BD2D19C20A0053F2BF /* RocksListView.swift */; };
		34F04D122D1945BD00797395 /* RockDto.swift in Sources */ = {isa = PBXBuildFile; fileRef = 34F04D112D1945BD00797395 /* RockDto.swift */; };
		34F04D142D1945C800797395 /* RockDetailDto.swift in Sources */ = {isa = PBXBuildFile; fileRef = 34F04D132D1945C800797395 /* RockDetailDto.swift */; };
		34F04D162D1945DC00797395 /* NetworkingService.swift in Sources */ = {isa = PBXBuildFile; fileRef = 34F04D152D1945DC00797395 /* NetworkingService.swift */; };
		34F04D182D1945E800797395 /* LoginView.swift in Sources */ = {isa = PBXBuildFile; fileRef = 34F04D172D1945E800797395 /* LoginView.swift */; };
		34F04D1A2D1945F300797395 /* MainRocksView.swift in Sources */ = {isa = PBXBuildFile; fileRef = 34F04D192D1945F300797395 /* MainRocksView.swift */; };
		34F04D1C2D1945FD00797395 /* RockDetailView.swift in Sources */ = {isa = PBXBuildFile; fileRef = 34F04D1B2D1945FD00797395 /* RockDetailView.swift */; };
		34F04D1E2D19460200797395 /* MapView.swift in Sources */ = {isa = PBXBuildFile; fileRef = 34F04D1D2D19460200797395 /* MapView.swift */; };
		34F04D202D19461500797395 /* AuthViewModel.swift in Sources */ = {isa = PBXBuildFile; fileRef = 34F04D1F2D19461500797395 /* AuthViewModel.swift */; };
		34F04D222D19462700797395 /* RocksViewModel.swift in Sources */ = {isa = PBXBuildFile; fileRef = 34F04D212D19462700797395 /* RocksViewModel.swift */; };
		34F04D242D19462F00797395 /* RockDetailViewModel.swift in Sources */ = {isa = PBXBuildFile; fileRef = 34F04D232D19462F00797395 /* RockDetailViewModel.swift */; };
		34FC652E2D192061003CDF70 /* GeoRocksIOSApp.swift in Sources */ = {isa = PBXBuildFile; fileRef = 34FC652D2D192061003CDF70 /* GeoRocksIOSApp.swift */; };
		34FC65302D192061003CDF70 /* ContentView.swift in Sources */ = {isa = PBXBuildFile; fileRef = 34FC652F2D192061003CDF70 /* ContentView.swift */; };
		34FC65322D192062003CDF70 /* Assets.xcassets in Resources */ = {isa = PBXBuildFile; fileRef = 34FC65312D192062003CDF70 /* Assets.xcassets */; };
		34FC65352D192062003CDF70 /* Preview Assets.xcassets in Resources */ = {isa = PBXBuildFile; fileRef = 34FC65342D192062003CDF70 /* Preview Assets.xcassets */; };
		34FC653F2D192062003CDF70 /* GeoRocksIOSTests.swift in Sources */ = {isa = PBXBuildFile; fileRef = 34FC653E2D192062003CDF70 /* GeoRocksIOSTests.swift */; };
		34FC65492D192062003CDF70 /* GeoRocksIOSUITests.swift in Sources */ = {isa = PBXBuildFile; fileRef = 34FC65482D192062003CDF70 /* GeoRocksIOSUITests.swift */; };
		34FC654B2D192062003CDF70 /* GeoRocksIOSUITestsLaunchTests.swift in Sources */ = {isa = PBXBuildFile; fileRef = 34FC654A2D192062003CDF70 /* GeoRocksIOSUITestsLaunchTests.swift */; };
		392DA3D2F2977B68D18DD1F0 /* Pods_GeoRocksIOS.framework in Frameworks */ = {isa = PBXBuildFile; fileRef = EB9119028AEB33931C84D8FB /* Pods_GeoRocksIOS.framework */; };
/* End PBXBuildFile section */

/* Begin PBXContainerItemProxy section */
		34FC653B2D192062003CDF70 /* PBXContainerItemProxy */ = {
			isa = PBXContainerItemProxy;
			containerPortal = 34FC65222D192061003CDF70 /* Project object */;
			proxyType = 1;
			remoteGlobalIDString = 34FC65292D192061003CDF70;
			remoteInfo = GeoRocksIOS;
		};
		34FC65452D192062003CDF70 /* PBXContainerItemProxy */ = {
			isa = PBXContainerItemProxy;
			containerPortal = 34FC65222D192061003CDF70 /* Project object */;
			proxyType = 1;
			remoteGlobalIDString = 34FC65292D192061003CDF70;
			remoteInfo = GeoRocksIOS;
		};
/* End PBXContainerItemProxy section */

/* Begin PBXFileReference section */
		3475A9BB2D19BE670053F2BF /* GoogleService-Info.plist */ = {isa = PBXFileReference; fileEncoding = 4; lastKnownFileType = text.plist.xml; path = "GoogleService-Info.plist"; sourceTree = "<group>"; };
		3475A9BD2D19C20A0053F2BF /* RocksListView.swift */ = {isa = PBXFileReference; lastKnownFileType = sourcecode.swift; path = RocksListView.swift; sourceTree = "<group>"; };
		34F04D112D1945BD00797395 /* RockDto.swift */ = {isa = PBXFileReference; lastKnownFileType = sourcecode.swift; path = RockDto.swift; sourceTree = "<group>"; };
		34F04D132D1945C800797395 /* RockDetailDto.swift */ = {isa = PBXFileReference; lastKnownFileType = sourcecode.swift; path = RockDetailDto.swift; sourceTree = "<group>"; };
		34F04D152D1945DC00797395 /* NetworkingService.swift */ = {isa = PBXFileReference; lastKnownFileType = sourcecode.swift; path = NetworkingService.swift; sourceTree = "<group>"; };
		34F04D172D1945E800797395 /* LoginView.swift */ = {isa = PBXFileReference; lastKnownFileType = sourcecode.swift; path = LoginView.swift; sourceTree = "<group>"; };
		34F04D192D1945F300797395 /* MainRocksView.swift */ = {isa = PBXFileReference; lastKnownFileType = sourcecode.swift; path = MainRocksView.swift; sourceTree = "<group>"; };
		34F04D1B2D1945FD00797395 /* RockDetailView.swift */ = {isa = PBXFileReference; lastKnownFileType = sourcecode.swift; path = RockDetailView.swift; sourceTree = "<group>"; };
		34F04D1D2D19460200797395 /* MapView.swift */ = {isa = PBXFileReference; lastKnownFileType = sourcecode.swift; path = MapView.swift; sourceTree = "<group>"; };
		34F04D1F2D19461500797395 /* AuthViewModel.swift */ = {isa = PBXFileReference; lastKnownFileType = sourcecode.swift; path = AuthViewModel.swift; sourceTree = "<group>"; };
		34F04D212D19462700797395 /* RocksViewModel.swift */ = {isa = PBXFileReference; lastKnownFileType = sourcecode.swift; path = RocksViewModel.swift; sourceTree = "<group>"; };
		34F04D232D19462F00797395 /* RockDetailViewModel.swift */ = {isa = PBXFileReference; lastKnownFileType = sourcecode.swift; path = RockDetailViewModel.swift; sourceTree = "<group>"; };
		34FC652A2D192061003CDF70 /* GeoRocksIOS.app */ = {isa = PBXFileReference; explicitFileType = wrapper.application; includeInIndex = 0; path = GeoRocksIOS.app; sourceTree = BUILT_PRODUCTS_DIR; };
		34FC652D2D192061003CDF70 /* GeoRocksIOSApp.swift */ = {isa = PBXFileReference; lastKnownFileType = sourcecode.swift; path = GeoRocksIOSApp.swift; sourceTree = "<group>"; };
		34FC652F2D192061003CDF70 /* ContentView.swift */ = {isa = PBXFileReference; lastKnownFileType = sourcecode.swift; path = ContentView.swift; sourceTree = "<group>"; };
		34FC65312D192062003CDF70 /* Assets.xcassets */ = {isa = PBXFileReference; lastKnownFileType = folder.assetcatalog; path = Assets.xcassets; sourceTree = "<group>"; };
		34FC65342D192062003CDF70 /* Preview Assets.xcassets */ = {isa = PBXFileReference; lastKnownFileType = folder.assetcatalog; path = "Preview Assets.xcassets"; sourceTree = "<group>"; };
		34FC653A2D192062003CDF70 /* GeoRocksIOSTests.xctest */ = {isa = PBXFileReference; explicitFileType = wrapper.cfbundle; includeInIndex = 0; path = GeoRocksIOSTests.xctest; sourceTree = BUILT_PRODUCTS_DIR; };
		34FC653E2D192062003CDF70 /* GeoRocksIOSTests.swift */ = {isa = PBXFileReference; lastKnownFileType = sourcecode.swift; path = GeoRocksIOSTests.swift; sourceTree = "<group>"; };
		34FC65442D192062003CDF70 /* GeoRocksIOSUITests.xctest */ = {isa = PBXFileReference; explicitFileType = wrapper.cfbundle; includeInIndex = 0; path = GeoRocksIOSUITests.xctest; sourceTree = BUILT_PRODUCTS_DIR; };
		34FC65482D192062003CDF70 /* GeoRocksIOSUITests.swift */ = {isa = PBXFileReference; lastKnownFileType = sourcecode.swift; path = GeoRocksIOSUITests.swift; sourceTree = "<group>"; };
		34FC654A2D192062003CDF70 /* GeoRocksIOSUITestsLaunchTests.swift */ = {isa = PBXFileReference; lastKnownFileType = sourcecode.swift; path = GeoRocksIOSUITestsLaunchTests.swift; sourceTree = "<group>"; };
		55B5B641017479E04A02D5E5 /* Pods-GeoRocksIOS.release.xcconfig */ = {isa = PBXFileReference; includeInIndex = 1; lastKnownFileType = text.xcconfig; name = "Pods-GeoRocksIOS.release.xcconfig"; path = "Target Support Files/Pods-GeoRocksIOS/Pods-GeoRocksIOS.release.xcconfig"; sourceTree = "<group>"; };
		B9285BECF2CA87B7C573A8C7 /* Pods-GeoRocksIOS.debug.xcconfig */ = {isa = PBXFileReference; includeInIndex = 1; lastKnownFileType = text.xcconfig; name = "Pods-GeoRocksIOS.debug.xcconfig"; path = "Target Support Files/Pods-GeoRocksIOS/Pods-GeoRocksIOS.debug.xcconfig"; sourceTree = "<group>"; };
		EB9119028AEB33931C84D8FB /* Pods_GeoRocksIOS.framework */ = {isa = PBXFileReference; explicitFileType = wrapper.framework; includeInIndex = 0; path = Pods_GeoRocksIOS.framework; sourceTree = BUILT_PRODUCTS_DIR; };
/* End PBXFileReference section */

/* Begin PBXFrameworksBuildPhase section */
		34FC65272D192061003CDF70 /* Frameworks */ = {
			isa = PBXFrameworksBuildPhase;
			buildActionMask = 2147483647;
			files = (
				392DA3D2F2977B68D18DD1F0 /* Pods_GeoRocksIOS.framework in Frameworks */,
				3475A9BA2D19935F0053F2BF /* FirebaseAuth in Frameworks */,
			);
			runOnlyForDeploymentPostprocessing = 0;
		};
		34FC65372D192062003CDF70 /* Frameworks */ = {
			isa = PBXFrameworksBuildPhase;
			buildActionMask = 2147483647;
			files = (
			);
			runOnlyForDeploymentPostprocessing = 0;
		};
		34FC65412D192062003CDF70 /* Frameworks */ = {
			isa = PBXFrameworksBuildPhase;
			buildActionMask = 2147483647;
			files = (
			);
			runOnlyForDeploymentPostprocessing = 0;
		};
/* End PBXFrameworksBuildPhase section */

/* Begin PBXGroup section */
		2179456150BEBDBAA902DFE0 /* Pods */ = {
			isa = PBXGroup;
			children = (
				B9285BECF2CA87B7C573A8C7 /* Pods-GeoRocksIOS.debug.xcconfig */,
				55B5B641017479E04A02D5E5 /* Pods-GeoRocksIOS.release.xcconfig */,
			);
			path = Pods;
			sourceTree = "<group>";
		};
		34F04D0D2D19457900797395 /* Models */ = {
			isa = PBXGroup;
			children = (
				34F04D112D1945BD00797395 /* RockDto.swift */,
				34F04D132D1945C800797395 /* RockDetailDto.swift */,
			);
			path = Models;
			sourceTree = "<group>";
		};
		34F04D0E2D19458600797395 /* ViewModels */ = {
			isa = PBXGroup;
			children = (
				34F04D1F2D19461500797395 /* AuthViewModel.swift */,
				34F04D212D19462700797395 /* RocksViewModel.swift */,
				34F04D232D19462F00797395 /* RockDetailViewModel.swift */,
			);
			path = ViewModels;
			sourceTree = "<group>";
		};
		34F04D0F2D19458D00797395 /* Views */ = {
			isa = PBXGroup;
			children = (
				34F04D172D1945E800797395 /* LoginView.swift */,
				34F04D192D1945F300797395 /* MainRocksView.swift */,
				34F04D1B2D1945FD00797395 /* RockDetailView.swift */,
				34F04D1D2D19460200797395 /* MapView.swift */,
				3475A9BD2D19C20A0053F2BF /* RocksListView.swift */,
			);
			path = Views;
			sourceTree = "<group>";
		};
		34F04D102D19459800797395 /* Services */ = {
			isa = PBXGroup;
			children = (
				34F04D152D1945DC00797395 /* NetworkingService.swift */,
			);
			path = Services;
			sourceTree = "<group>";
		};
		34FC65212D192061003CDF70 = {
			isa = PBXGroup;
			children = (
				3475A9BB2D19BE670053F2BF /* GoogleService-Info.plist */,
				34FC652C2D192061003CDF70 /* GeoRocksIOS */,
				34FC653D2D192062003CDF70 /* GeoRocksIOSTests */,
				34FC65472D192062003CDF70 /* GeoRocksIOSUITests */,
				34FC652B2D192061003CDF70 /* Products */,
				2179456150BEBDBAA902DFE0 /* Pods */,
				65C61B2CC60819B9DB9411E1 /* Frameworks */,
			);
			sourceTree = "<group>";
		};
		34FC652B2D192061003CDF70 /* Products */ = {
			isa = PBXGroup;
			children = (
				34FC652A2D192061003CDF70 /* GeoRocksIOS.app */,
				34FC653A2D192062003CDF70 /* GeoRocksIOSTests.xctest */,
				34FC65442D192062003CDF70 /* GeoRocksIOSUITests.xctest */,
			);
			name = Products;
			sourceTree = "<group>";
		};
		34FC652C2D192061003CDF70 /* GeoRocksIOS */ = {
			isa = PBXGroup;
			children = (
				34F04D102D19459800797395 /* Services */,
				34F04D0F2D19458D00797395 /* Views */,
				34F04D0E2D19458600797395 /* ViewModels */,
				34F04D0D2D19457900797395 /* Models */,
				34FC652D2D192061003CDF70 /* GeoRocksIOSApp.swift */,
				34FC652F2D192061003CDF70 /* ContentView.swift */,
				34FC65312D192062003CDF70 /* Assets.xcassets */,
				34FC65332D192062003CDF70 /* Preview Content */,
			);
			path = GeoRocksIOS;
			sourceTree = "<group>";
		};
		34FC65332D192062003CDF70 /* Preview Content */ = {
			isa = PBXGroup;
			children = (
				34FC65342D192062003CDF70 /* Preview Assets.xcassets */,
			);
			path = "Preview Content";
			sourceTree = "<group>";
		};
		34FC653D2D192062003CDF70 /* GeoRocksIOSTests */ = {
			isa = PBXGroup;
			children = (
				34FC653E2D192062003CDF70 /* GeoRocksIOSTests.swift */,
			);
			path = GeoRocksIOSTests;
			sourceTree = "<group>";
		};
		34FC65472D192062003CDF70 /* GeoRocksIOSUITests */ = {
			isa = PBXGroup;
			children = (
				34FC65482D192062003CDF70 /* GeoRocksIOSUITests.swift */,
				34FC654A2D192062003CDF70 /* GeoRocksIOSUITestsLaunchTests.swift */,
			);
			path = GeoRocksIOSUITests;
			sourceTree = "<group>";
		};
		65C61B2CC60819B9DB9411E1 /* Frameworks */ = {
			isa = PBXGroup;
			children = (
				EB9119028AEB33931C84D8FB /* Pods_GeoRocksIOS.framework */,
			);
			name = Frameworks;
			sourceTree = "<group>";
		};
/* End PBXGroup section */

/* Begin PBXNativeTarget section */
		34FC65292D192061003CDF70 /* GeoRocksIOS */ = {
			isa = PBXNativeTarget;
			buildConfigurationList = 34FC654E2D192062003CDF70 /* Build configuration list for PBXNativeTarget "GeoRocksIOS" */;
			buildPhases = (
				55339986056A3A1BD5CBDF18 /* [CP] Check Pods Manifest.lock */,
				34FC65262D192061003CDF70 /* Sources */,
				34FC65272D192061003CDF70 /* Frameworks */,
				34FC65282D192061003CDF70 /* Resources */,
				838106F4B015F3BBA897A218 /* [CP] Embed Pods Frameworks */,
			);
			buildRules = (
			);
			dependencies = (
			);
			name = GeoRocksIOS;
			packageProductDependencies = (
				3475A9B92D19935F0053F2BF /* FirebaseAuth */,
			);
			productName = GeoRocksIOS;
			productReference = 34FC652A2D192061003CDF70 /* GeoRocksIOS.app */;
			productType = "com.apple.product-type.application";
		};
		34FC65392D192062003CDF70 /* GeoRocksIOSTests */ = {
			isa = PBXNativeTarget;
			buildConfigurationList = 34FC65512D192062003CDF70 /* Build configuration list for PBXNativeTarget "GeoRocksIOSTests" */;
			buildPhases = (
				34FC65362D192062003CDF70 /* Sources */,
				34FC65372D192062003CDF70 /* Frameworks */,
				34FC65382D192062003CDF70 /* Resources */,
			);
			buildRules = (
			);
			dependencies = (
				34FC653C2D192062003CDF70 /* PBXTargetDependency */,
			);
			name = GeoRocksIOSTests;
			productName = GeoRocksIOSTests;
			productReference = 34FC653A2D192062003CDF70 /* GeoRocksIOSTests.xctest */;
			productType = "com.apple.product-type.bundle.unit-test";
		};
		34FC65432D192062003CDF70 /* GeoRocksIOSUITests */ = {
			isa = PBXNativeTarget;
			buildConfigurationList = 34FC65542D192062003CDF70 /* Build configuration list for PBXNativeTarget "GeoRocksIOSUITests" */;
			buildPhases = (
				34FC65402D192062003CDF70 /* Sources */,
				34FC65412D192062003CDF70 /* Frameworks */,
				34FC65422D192062003CDF70 /* Resources */,
			);
			buildRules = (
			);
			dependencies = (
				34FC65462D192062003CDF70 /* PBXTargetDependency */,
			);
			name = GeoRocksIOSUITests;
			productName = GeoRocksIOSUITests;
			productReference = 34FC65442D192062003CDF70 /* GeoRocksIOSUITests.xctest */;
			productType = "com.apple.product-type.bundle.ui-testing";
		};
/* End PBXNativeTarget section */

/* Begin PBXProject section */
		34FC65222D192061003CDF70 /* Project object */ = {
			isa = PBXProject;
			attributes = {
				BuildIndependentTargetsInParallel = 1;
				LastSwiftUpdateCheck = 1540;
				LastUpgradeCheck = 1540;
				TargetAttributes = {
					34FC65292D192061003CDF70 = {
						CreatedOnToolsVersion = 15.4;
					};
					34FC65392D192062003CDF70 = {
						CreatedOnToolsVersion = 15.4;
						TestTargetID = 34FC65292D192061003CDF70;
					};
					34FC65432D192062003CDF70 = {
						CreatedOnToolsVersion = 15.4;
						TestTargetID = 34FC65292D192061003CDF70;
					};
				};
			};
			buildConfigurationList = 34FC65252D192061003CDF70 /* Build configuration list for PBXProject "GeoRocksIOS" */;
			compatibilityVersion = "Xcode 14.0";
			developmentRegion = en;
			hasScannedForEncodings = 0;
			knownRegions = (
				en,
				Base,
			);
			mainGroup = 34FC65212D192061003CDF70;
			packageReferences = (
				3475A9B82D19935F0053F2BF /* XCRemoteSwiftPackageReference "firebase-ios-sdk" */,
			);
			productRefGroup = 34FC652B2D192061003CDF70 /* Products */;
			projectDirPath = "";
			projectRoot = "";
			targets = (
				34FC65292D192061003CDF70 /* GeoRocksIOS */,
				34FC65392D192062003CDF70 /* GeoRocksIOSTests */,
				34FC65432D192062003CDF70 /* GeoRocksIOSUITests */,
			);
		};
/* End PBXProject section */

/* Begin PBXResourcesBuildPhase section */
		34FC65282D192061003CDF70 /* Resources */ = {
			isa = PBXResourcesBuildPhase;
			buildActionMask = 2147483647;
			files = (
				34FC65352D192062003CDF70 /* Preview Assets.xcassets in Resources */,
				34FC65322D192062003CDF70 /* Assets.xcassets in Resources */,
				3475A9BC2D19BE670053F2BF /* GoogleService-Info.plist in Resources */,
			);
			runOnlyForDeploymentPostprocessing = 0;
		};
		34FC65382D192062003CDF70 /* Resources */ = {
			isa = PBXResourcesBuildPhase;
			buildActionMask = 2147483647;
			files = (
			);
			runOnlyForDeploymentPostprocessing = 0;
		};
		34FC65422D192062003CDF70 /* Resources */ = {
			isa = PBXResourcesBuildPhase;
			buildActionMask = 2147483647;
			files = (
			);
			runOnlyForDeploymentPostprocessing = 0;
		};
/* End PBXResourcesBuildPhase section */

/* Begin PBXShellScriptBuildPhase section */
		55339986056A3A1BD5CBDF18 /* [CP] Check Pods Manifest.lock */ = {
			isa = PBXShellScriptBuildPhase;
			buildActionMask = 2147483647;
			files = (
			);
			inputFileListPaths = (
			);
			inputPaths = (
				"${PODS_PODFILE_DIR_PATH}/Podfile.lock",
				"${PODS_ROOT}/Manifest.lock",
			);
			name = "[CP] Check Pods Manifest.lock";
			outputFileListPaths = (
			);
			outputPaths = (
				"$(DERIVED_FILE_DIR)/Pods-GeoRocksIOS-checkManifestLockResult.txt",
			);
			runOnlyForDeploymentPostprocessing = 0;
			shellPath = /bin/sh;
			shellScript = "diff \"${PODS_PODFILE_DIR_PATH}/Podfile.lock\" \"${PODS_ROOT}/Manifest.lock\" > /dev/null\nif [ $? != 0 ] ; then\n    # print error to STDERR\n    echo \"error: The sandbox is not in sync with the Podfile.lock. Run 'pod install' or update your CocoaPods installation.\" >&2\n    exit 1\nfi\n# This output is used by Xcode 'outputs' to avoid re-running this script phase.\necho \"SUCCESS\" > \"${SCRIPT_OUTPUT_FILE_0}\"\n";
			showEnvVarsInLog = 0;
		};
		838106F4B015F3BBA897A218 /* [CP] Embed Pods Frameworks */ = {
			isa = PBXShellScriptBuildPhase;
			buildActionMask = 2147483647;
			files = (
			);
			inputFileListPaths = (
				"${PODS_ROOT}/Target Support Files/Pods-GeoRocksIOS/Pods-GeoRocksIOS-frameworks-${CONFIGURATION}-input-files.xcfilelist",
			);
			name = "[CP] Embed Pods Frameworks";
			outputFileListPaths = (
				"${PODS_ROOT}/Target Support Files/Pods-GeoRocksIOS/Pods-GeoRocksIOS-frameworks-${CONFIGURATION}-output-files.xcfilelist",
			);
			runOnlyForDeploymentPostprocessing = 0;
			shellPath = /bin/sh;
			shellScript = "\"${PODS_ROOT}/Target Support Files/Pods-GeoRocksIOS/Pods-GeoRocksIOS-frameworks.sh\"\n";
			showEnvVarsInLog = 0;
		};
/* End PBXShellScriptBuildPhase section */

/* Begin PBXSourcesBuildPhase section */
		34FC65262D192061003CDF70 /* Sources */ = {
			isa = PBXSourcesBuildPhase;
			buildActionMask = 2147483647;
			files = (
				34F04D202D19461500797395 /* AuthViewModel.swift in Sources */,
				34F04D182D1945E800797395 /* LoginView.swift in Sources */,
				34F04D242D19462F00797395 /* RockDetailViewModel.swift in Sources */,
				34F04D162D1945DC00797395 /* NetworkingService.swift in Sources */,
				34FC65302D192061003CDF70 /* ContentView.swift in Sources */,
				34FC652E2D192061003CDF70 /* GeoRocksIOSApp.swift in Sources */,
				34F04D222D19462700797395 /* RocksViewModel.swift in Sources */,
				34F04D1C2D1945FD00797395 /* RockDetailView.swift in Sources */,
				34F04D122D1945BD00797395 /* RockDto.swift in Sources */,
				34F04D142D1945C800797395 /* RockDetailDto.swift in Sources */,
				34F04D1E2D19460200797395 /* MapView.swift in Sources */,
				34F04D1A2D1945F300797395 /* MainRocksView.swift in Sources */,
				3475A9BE2D19C20A0053F2BF /* RocksListView.swift in Sources */,
			);
			runOnlyForDeploymentPostprocessing = 0;
		};
		34FC65362D192062003CDF70 /* Sources */ = {
			isa = PBXSourcesBuildPhase;
			buildActionMask = 2147483647;
			files = (
				34FC653F2D192062003CDF70 /* GeoRocksIOSTests.swift in Sources */,
			);
			runOnlyForDeploymentPostprocessing = 0;
		};
		34FC65402D192062003CDF70 /* Sources */ = {
			isa = PBXSourcesBuildPhase;
			buildActionMask = 2147483647;
			files = (
				34FC65492D192062003CDF70 /* GeoRocksIOSUITests.swift in Sources */,
				34FC654B2D192062003CDF70 /* GeoRocksIOSUITestsLaunchTests.swift in Sources */,
			);
			runOnlyForDeploymentPostprocessing = 0;
		};
/* End PBXSourcesBuildPhase section */

/* Begin PBXTargetDependency section */
		34FC653C2D192062003CDF70 /* PBXTargetDependency */ = {
			isa = PBXTargetDependency;
			target = 34FC65292D192061003CDF70 /* GeoRocksIOS */;
			targetProxy = 34FC653B2D192062003CDF70 /* PBXContainerItemProxy */;
		};
		34FC65462D192062003CDF70 /* PBXTargetDependency */ = {
			isa = PBXTargetDependency;
			target = 34FC65292D192061003CDF70 /* GeoRocksIOS */;
			targetProxy = 34FC65452D192062003CDF70 /* PBXContainerItemProxy */;
		};
/* End PBXTargetDependency section */

/* Begin XCBuildConfiguration section */
		34FC654C2D192062003CDF70 /* Debug */ = {
			isa = XCBuildConfiguration;
			buildSettings = {
				ALWAYS_SEARCH_USER_PATHS = NO;
				ASSETCATALOG_COMPILER_GENERATE_SWIFT_ASSET_SYMBOL_EXTENSIONS = YES;
				CLANG_ANALYZER_NONNULL = YES;
				CLANG_ANALYZER_NUMBER_OBJECT_CONVERSION = YES_AGGRESSIVE;
				CLANG_CXX_LANGUAGE_STANDARD = "gnu++20";
				CLANG_ENABLE_MODULES = YES;
				CLANG_ENABLE_OBJC_ARC = YES;
				CLANG_ENABLE_OBJC_WEAK = YES;
				CLANG_WARN_BLOCK_CAPTURE_AUTORELEASING = YES;
				CLANG_WARN_BOOL_CONVERSION = YES;
				CLANG_WARN_COMMA = YES;
				CLANG_WARN_CONSTANT_CONVERSION = YES;
				CLANG_WARN_DEPRECATED_OBJC_IMPLEMENTATIONS = YES;
				CLANG_WARN_DIRECT_OBJC_ISA_USAGE = YES_ERROR;
				CLANG_WARN_DOCUMENTATION_COMMENTS = YES;
				CLANG_WARN_EMPTY_BODY = YES;
				CLANG_WARN_ENUM_CONVERSION = YES;
				CLANG_WARN_INFINITE_RECURSION = YES;
				CLANG_WARN_INT_CONVERSION = YES;
				CLANG_WARN_NON_LITERAL_NULL_CONVERSION = YES;
				CLANG_WARN_OBJC_IMPLICIT_RETAIN_SELF = YES;
				CLANG_WARN_OBJC_LITERAL_CONVERSION = YES;
				CLANG_WARN_OBJC_ROOT_CLASS = YES_ERROR;
				CLANG_WARN_QUOTED_INCLUDE_IN_FRAMEWORK_HEADER = YES;
				CLANG_WARN_RANGE_LOOP_ANALYSIS = YES;
				CLANG_WARN_STRICT_PROTOTYPES = YES;
				CLANG_WARN_SUSPICIOUS_MOVE = YES;
				CLANG_WARN_UNGUARDED_AVAILABILITY = YES_AGGRESSIVE;
				CLANG_WARN_UNREACHABLE_CODE = YES;
				CLANG_WARN__DUPLICATE_METHOD_MATCH = YES;
				COPY_PHASE_STRIP = NO;
				DEBUG_INFORMATION_FORMAT = dwarf;
				ENABLE_STRICT_OBJC_MSGSEND = YES;
				ENABLE_TESTABILITY = YES;
				ENABLE_USER_SCRIPT_SANDBOXING = YES;
				GCC_C_LANGUAGE_STANDARD = gnu17;
				GCC_DYNAMIC_NO_PIC = NO;
				GCC_NO_COMMON_BLOCKS = YES;
				GCC_OPTIMIZATION_LEVEL = 0;
				GCC_PREPROCESSOR_DEFINITIONS = (
					"DEBUG=1",
					"$(inherited)",
				);
				GCC_WARN_64_TO_32_BIT_CONVERSION = YES;
				GCC_WARN_ABOUT_RETURN_TYPE = YES_ERROR;
				GCC_WARN_UNDECLARED_SELECTOR = YES;
				GCC_WARN_UNINITIALIZED_AUTOS = YES_AGGRESSIVE;
				GCC_WARN_UNUSED_FUNCTION = YES;
				GCC_WARN_UNUSED_VARIABLE = YES;
				IPHONEOS_DEPLOYMENT_TARGET = 17.5;
				LOCALIZATION_PREFERS_STRING_CATALOGS = YES;
				MTL_ENABLE_DEBUG_INFO = INCLUDE_SOURCE;
				MTL_FAST_MATH = YES;
				ONLY_ACTIVE_ARCH = YES;
				SDKROOT = iphoneos;
				SWIFT_ACTIVE_COMPILATION_CONDITIONS = "DEBUG $(inherited)";
				SWIFT_OPTIMIZATION_LEVEL = "-Onone";
			};
			name = Debug;
		};
		34FC654D2D192062003CDF70 /* Release */ = {
			isa = XCBuildConfiguration;
			buildSettings = {
				ALWAYS_SEARCH_USER_PATHS = NO;
				ASSETCATALOG_COMPILER_GENERATE_SWIFT_ASSET_SYMBOL_EXTENSIONS = YES;
				CLANG_ANALYZER_NONNULL = YES;
				CLANG_ANALYZER_NUMBER_OBJECT_CONVERSION = YES_AGGRESSIVE;
				CLANG_CXX_LANGUAGE_STANDARD = "gnu++20";
				CLANG_ENABLE_MODULES = YES;
				CLANG_ENABLE_OBJC_ARC = YES;
				CLANG_ENABLE_OBJC_WEAK = YES;
				CLANG_WARN_BLOCK_CAPTURE_AUTORELEASING = YES;
				CLANG_WARN_BOOL_CONVERSION = YES;
				CLANG_WARN_COMMA = YES;
				CLANG_WARN_CONSTANT_CONVERSION = YES;
				CLANG_WARN_DEPRECATED_OBJC_IMPLEMENTATIONS = YES;
				CLANG_WARN_DIRECT_OBJC_ISA_USAGE = YES_ERROR;
				CLANG_WARN_DOCUMENTATION_COMMENTS = YES;
				CLANG_WARN_EMPTY_BODY = YES;
				CLANG_WARN_ENUM_CONVERSION = YES;
				CLANG_WARN_INFINITE_RECURSION = YES;
				CLANG_WARN_INT_CONVERSION = YES;
				CLANG_WARN_NON_LITERAL_NULL_CONVERSION = YES;
				CLANG_WARN_OBJC_IMPLICIT_RETAIN_SELF = YES;
				CLANG_WARN_OBJC_LITERAL_CONVERSION = YES;
				CLANG_WARN_OBJC_ROOT_CLASS = YES_ERROR;
				CLANG_WARN_QUOTED_INCLUDE_IN_FRAMEWORK_HEADER = YES;
				CLANG_WARN_RANGE_LOOP_ANALYSIS = YES;
				CLANG_WARN_STRICT_PROTOTYPES = YES;
				CLANG_WARN_SUSPICIOUS_MOVE = YES;
				CLANG_WARN_UNGUARDED_AVAILABILITY = YES_AGGRESSIVE;
				CLANG_WARN_UNREACHABLE_CODE = YES;
				CLANG_WARN__DUPLICATE_METHOD_MATCH = YES;
				COPY_PHASE_STRIP = NO;
				DEBUG_INFORMATION_FORMAT = "dwarf-with-dsym";
				ENABLE_NS_ASSERTIONS = NO;
				ENABLE_STRICT_OBJC_MSGSEND = YES;
				ENABLE_USER_SCRIPT_SANDBOXING = YES;
				GCC_C_LANGUAGE_STANDARD = gnu17;
				GCC_NO_COMMON_BLOCKS = YES;
				GCC_WARN_64_TO_32_BIT_CONVERSION = YES;
				GCC_WARN_ABOUT_RETURN_TYPE = YES_ERROR;
				GCC_WARN_UNDECLARED_SELECTOR = YES;
				GCC_WARN_UNINITIALIZED_AUTOS = YES_AGGRESSIVE;
				GCC_WARN_UNUSED_FUNCTION = YES;
				GCC_WARN_UNUSED_VARIABLE = YES;
				IPHONEOS_DEPLOYMENT_TARGET = 17.5;
				LOCALIZATION_PREFERS_STRING_CATALOGS = YES;
				MTL_ENABLE_DEBUG_INFO = NO;
				MTL_FAST_MATH = YES;
				SDKROOT = iphoneos;
				SWIFT_COMPILATION_MODE = wholemodule;
				VALIDATE_PRODUCT = YES;
			};
			name = Release;
		};
		34FC654F2D192062003CDF70 /* Debug */ = {
			isa = XCBuildConfiguration;
			baseConfigurationReference = B9285BECF2CA87B7C573A8C7 /* Pods-GeoRocksIOS.debug.xcconfig */;
			buildSettings = {
				ASSETCATALOG_COMPILER_APPICON_NAME = AppIcon;
				ASSETCATALOG_COMPILER_GLOBAL_ACCENT_COLOR_NAME = AccentColor;
				CODE_SIGN_STYLE = Automatic;
				CURRENT_PROJECT_VERSION = 1;
				DEVELOPMENT_ASSET_PATHS = "\"GeoRocksIOS/Preview Content\"";
				DEVELOPMENT_TEAM = 5U753FXZ82;
				ENABLE_APP_SANDBOX = YES;
				ENABLE_PREVIEWS = YES;
				ENABLE_USER_SCRIPT_SANDBOXING = NO;
				GENERATE_INFOPLIST_FILE = YES;
				INFOPLIST_KEY_UIApplicationSceneManifest_Generation = YES;
				INFOPLIST_KEY_UIApplicationSupportsIndirectInputEvents = YES;
				INFOPLIST_KEY_UILaunchScreen_Generation = YES;
				INFOPLIST_KEY_UISupportedInterfaceOrientations_iPad = "UIInterfaceOrientationPortrait UIInterfaceOrientationPortraitUpsideDown UIInterfaceOrientationLandscapeLeft UIInterfaceOrientationLandscapeRight";
				INFOPLIST_KEY_UISupportedInterfaceOrientations_iPhone = "UIInterfaceOrientationPortrait UIInterfaceOrientationLandscapeLeft UIInterfaceOrientationLandscapeRight";
				LD_RUNPATH_SEARCH_PATHS = (
					"$(inherited)",
					"@executable_path/Frameworks",
				);
				MARKETING_VERSION = 1.0;
				PRODUCT_BUNDLE_IDENTIFIER = org.enigma.GeoRocksIOS;
				PRODUCT_NAME = "$(TARGET_NAME)";
				SWIFT_EMIT_LOC_STRINGS = YES;
				SWIFT_VERSION = 5.0;
				TARGETED_DEVICE_FAMILY = "1,2";
			};
			name = Debug;
		};
		34FC65502D192062003CDF70 /* Release */ = {
			isa = XCBuildConfiguration;
			baseConfigurationReference = 55B5B641017479E04A02D5E5 /* Pods-GeoRocksIOS.release.xcconfig */;
			buildSettings = {
				ASSETCATALOG_COMPILER_APPICON_NAME = AppIcon;
				ASSETCATALOG_COMPILER_GLOBAL_ACCENT_COLOR_NAME = AccentColor;
				CODE_SIGN_STYLE = Automatic;
				CURRENT_PROJECT_VERSION = 1;
				DEVELOPMENT_ASSET_PATHS = "\"GeoRocksIOS/Preview Content\"";
				DEVELOPMENT_TEAM = 5U753FXZ82;
				ENABLE_APP_SANDBOX = YES;
				ENABLE_PREVIEWS = YES;
				ENABLE_USER_SCRIPT_SANDBOXING = NO;
				GENERATE_INFOPLIST_FILE = YES;
				INFOPLIST_KEY_UIApplicationSceneManifest_Generation = YES;
				INFOPLIST_KEY_UIApplicationSupportsIndirectInputEvents = YES;
				INFOPLIST_KEY_UILaunchScreen_Generation = YES;
				INFOPLIST_KEY_UISupportedInterfaceOrientations_iPad = "UIInterfaceOrientationPortrait UIInterfaceOrientationPortraitUpsideDown UIInterfaceOrientationLandscapeLeft UIInterfaceOrientationLandscapeRight";
				INFOPLIST_KEY_UISupportedInterfaceOrientations_iPhone = "UIInterfaceOrientationPortrait UIInterfaceOrientationLandscapeLeft UIInterfaceOrientationLandscapeRight";
				LD_RUNPATH_SEARCH_PATHS = (
					"$(inherited)",
					"@executable_path/Frameworks",
				);
				MARKETING_VERSION = 1.0;
				PRODUCT_BUNDLE_IDENTIFIER = org.enigma.GeoRocksIOS;
				PRODUCT_NAME = "$(TARGET_NAME)";
				SWIFT_EMIT_LOC_STRINGS = YES;
				SWIFT_VERSION = 5.0;
				TARGETED_DEVICE_FAMILY = "1,2";
			};
			name = Release;
		};
		34FC65522D192062003CDF70 /* Debug */ = {
			isa = XCBuildConfiguration;
			buildSettings = {
				ALWAYS_EMBED_SWIFT_STANDARD_LIBRARIES = YES;
				BUNDLE_LOADER = "$(TEST_HOST)";
				CODE_SIGN_STYLE = Automatic;
				CURRENT_PROJECT_VERSION = 1;
				DEVELOPMENT_TEAM = 5U753FXZ82;
				GENERATE_INFOPLIST_FILE = YES;
				IPHONEOS_DEPLOYMENT_TARGET = 17.5;
				MARKETING_VERSION = 1.0;
				PRODUCT_BUNDLE_IDENTIFIER = org.enigma.GeoRocksIOSTests;
				PRODUCT_NAME = "$(TARGET_NAME)";
				SWIFT_EMIT_LOC_STRINGS = NO;
				SWIFT_VERSION = 5.0;
				TARGETED_DEVICE_FAMILY = "1,2";
				TEST_HOST = "$(BUILT_PRODUCTS_DIR)/GeoRocksIOS.app/$(BUNDLE_EXECUTABLE_FOLDER_PATH)/GeoRocksIOS";
			};
			name = Debug;
		};
		34FC65532D192062003CDF70 /* Release */ = {
			isa = XCBuildConfiguration;
			buildSettings = {
				ALWAYS_EMBED_SWIFT_STANDARD_LIBRARIES = YES;
				BUNDLE_LOADER = "$(TEST_HOST)";
				CODE_SIGN_STYLE = Automatic;
				CURRENT_PROJECT_VERSION = 1;
				DEVELOPMENT_TEAM = 5U753FXZ82;
				GENERATE_INFOPLIST_FILE = YES;
				IPHONEOS_DEPLOYMENT_TARGET = 17.5;
				MARKETING_VERSION = 1.0;
				PRODUCT_BUNDLE_IDENTIFIER = org.enigma.GeoRocksIOSTests;
				PRODUCT_NAME = "$(TARGET_NAME)";
				SWIFT_EMIT_LOC_STRINGS = NO;
				SWIFT_VERSION = 5.0;
				TARGETED_DEVICE_FAMILY = "1,2";
				TEST_HOST = "$(BUILT_PRODUCTS_DIR)/GeoRocksIOS.app/$(BUNDLE_EXECUTABLE_FOLDER_PATH)/GeoRocksIOS";
			};
			name = Release;
		};
		34FC65552D192062003CDF70 /* Debug */ = {
			isa = XCBuildConfiguration;
			buildSettings = {
				ALWAYS_EMBED_SWIFT_STANDARD_LIBRARIES = YES;
				CODE_SIGN_STYLE = Automatic;
				CURRENT_PROJECT_VERSION = 1;
				DEVELOPMENT_TEAM = 5U753FXZ82;
				GENERATE_INFOPLIST_FILE = YES;
				MARKETING_VERSION = 1.0;
				PRODUCT_BUNDLE_IDENTIFIER = org.enigma.GeoRocksIOSUITests;
				PRODUCT_NAME = "$(TARGET_NAME)";
				SWIFT_EMIT_LOC_STRINGS = NO;
				SWIFT_VERSION = 5.0;
				TARGETED_DEVICE_FAMILY = "1,2";
				TEST_TARGET_NAME = GeoRocksIOS;
			};
			name = Debug;
		};
		34FC65562D192062003CDF70 /* Release */ = {
			isa = XCBuildConfiguration;
			buildSettings = {
				ALWAYS_EMBED_SWIFT_STANDARD_LIBRARIES = YES;
				CODE_SIGN_STYLE = Automatic;
				CURRENT_PROJECT_VERSION = 1;
				DEVELOPMENT_TEAM = 5U753FXZ82;
				GENERATE_INFOPLIST_FILE = YES;
				MARKETING_VERSION = 1.0;
				PRODUCT_BUNDLE_IDENTIFIER = org.enigma.GeoRocksIOSUITests;
				PRODUCT_NAME = "$(TARGET_NAME)";
				SWIFT_EMIT_LOC_STRINGS = NO;
				SWIFT_VERSION = 5.0;
				TARGETED_DEVICE_FAMILY = "1,2";
				TEST_TARGET_NAME = GeoRocksIOS;
			};
			name = Release;
		};
/* End XCBuildConfiguration section */

/* Begin XCConfigurationList section */
		34FC65252D192061003CDF70 /* Build configuration list for PBXProject "GeoRocksIOS" */ = {
			isa = XCConfigurationList;
			buildConfigurations = (
				34FC654C2D192062003CDF70 /* Debug */,
				34FC654D2D192062003CDF70 /* Release */,
			);
			defaultConfigurationIsVisible = 0;
			defaultConfigurationName = Release;
		};
		34FC654E2D192062003CDF70 /* Build configuration list for PBXNativeTarget "GeoRocksIOS" */ = {
			isa = XCConfigurationList;
			buildConfigurations = (
				34FC654F2D192062003CDF70 /* Debug */,
				34FC65502D192062003CDF70 /* Release */,
			);
			defaultConfigurationIsVisible = 0;
			defaultConfigurationName = Release;
		};
		34FC65512D192062003CDF70 /* Build configuration list for PBXNativeTarget "GeoRocksIOSTests" */ = {
			isa = XCConfigurationList;
			buildConfigurations = (
				34FC65522D192062003CDF70 /* Debug */,
				34FC65532D192062003CDF70 /* Release */,
			);
			defaultConfigurationIsVisible = 0;
			defaultConfigurationName = Release;
		};
		34FC65542D192062003CDF70 /* Build configuration list for PBXNativeTarget "GeoRocksIOSUITests" */ = {
			isa = XCConfigurationList;
			buildConfigurations = (
				34FC65552D192062003CDF70 /* Debug */,
				34FC65562D192062003CDF70 /* Release */,
			);
			defaultConfigurationIsVisible = 0;
			defaultConfigurationName = Release;
		};
/* End XCConfigurationList section */

/* Begin XCRemoteSwiftPackageReference section */
		3475A9B82D19935F0053F2BF /* XCRemoteSwiftPackageReference "firebase-ios-sdk" */ = {
			isa = XCRemoteSwiftPackageReference;
			repositoryURL = "https://github.com/firebase/firebase-ios-sdk";
			requirement = {
				kind = upToNextMajorVersion;
				minimumVersion = 11.6.0;
			};
		};
/* End XCRemoteSwiftPackageReference section */

/* Begin XCSwiftPackageProductDependency section */
		3475A9B92D19935F0053F2BF /* FirebaseAuth */ = {
			isa = XCSwiftPackageProductDependency;
			package = 3475A9B82D19935F0053F2BF /* XCRemoteSwiftPackageReference "firebase-ios-sdk" */;
			productName = FirebaseAuth;
		};
/* End XCSwiftPackageProductDependency section */
	};
	rootObject = 34FC65222D192061003CDF70 /* Project object */;
}
